{
  "name": "amazing-ui",
  "version": "0.0.1",
  "lockfileVersion": 1,
  "requires": true,
  "dependencies": {
    "@progress/kendo-angular-buttons": {
      "version": "8.0.0",
      "resolved": "https://registry.npmjs.org/@progress/kendo-angular-buttons/-/kendo-angular-buttons-8.0.0.tgz",
      "integrity": "sha512-OMFkmbSK//xOxoZZEj8iFq6bTFak570atSZ7WWVf0j5sPxMPNNx4XwfSFzbXSmuEfJaKzmBuY0f5xWddcoOeRA==",
      "requires": {
        "@progress/kendo-common": "^0.2.1",
        "@progress/kendo-schematics": "^3.0.0",
        "tslib": "^2.3.1"
      },
      "dependencies": {
        "tslib": {
          "version": "2.4.0",
          "resolved": "https://registry.npmjs.org/tslib/-/tslib-2.4.0.tgz",
          "integrity": "sha512-d6xOpEDfsi2CZVlPQzGeux8XMwLT9hssAsaPYExaQMuYskwb+x1x7J371tWlbBdWHroy99KnVB6qIkUbs5X3UQ=="
        }
      }
    },
    "@progress/kendo-common": {
      "version": "0.2.2",
      "resolved": "https://registry.npmjs.org/@progress/kendo-common/-/kendo-common-0.2.2.tgz",
      "integrity": "sha512-VwHyVXJ5o92pnljtmIULYVYUhyY9BXaPVTjLNMOc5MuYr2PU4tmpyzfJI/MeyfL1PuHJlgw7KqJJhvPqrOduNQ==",
      "requires": {
        "tslib": "^1.7.0"
      },
      "dependencies": {
        "tslib": {
          "version": "1.14.1",
          "resolved": "https://registry.npmjs.org/tslib/-/tslib-1.14.1.tgz",
          "integrity": "sha512-Xni35NKzjgMrwevysHTCArtLDpPvye8zV/0E4EyYn43P7/7qvQwPh9BGkHewbMulVntbigmcT7rdX3BNo9wRJg=="
        }
      }
    },
    "@progress/kendo-schematics": {
      "version": "3.1.0",
      "resolved": "https://registry.npmjs.org/@progress/kendo-schematics/-/kendo-schematics-3.1.0.tgz",
      "integrity": "sha512-txG1vlGSzC3FtAOvJzaozwofk0mzDxWBib5y+o2SvnOfeWNb8R9JCRYaI3x3jA3hsbe3UQeWFS1qa7jHP2HU3w=="
    }
  }
}
